
Microsoft Visual Studio Solution File, Format Version 12.00
# Visual Studio Version 17
VisualStudioVersion = 17.11.35327.3
MinimumVisualStudioVersion = 10.0.40219.1
Project("{FAE04EC0-301F-11D3-BF4B-00C04F79EFBC}") = "Assignment5.2.1", "Assignment5.2.1.csproj", "{8A4CBB45-2381-45E5-8775-CF9ED7F68E77}"
EndProject
Global
	GlobalSection(SolutionConfigurationPlatforms) = preSolution
		Debug|Any CPU = Debug|Any CPU
		Release|Any CPU = Release|Any CPU
	EndGlobalSection
	GlobalSection(ProjectConfigurationPlatforms) = postSolution
		{8A4CBB45-2381-45E5-8775-CF9ED7F68E77}.Debug|Any CPU.ActiveCfg = Debug|Any CPU
		{8A4CBB45-2381-45E5-8775-CF9ED7F68E77}.Debug|Any CPU.Build.0 = Debug|Any CPU
		{8A4CBB45-2381-45E5-8775-CF9ED7F68E77}.Release|Any CPU.ActiveCfg = Release|Any CPU
		{8A4CBB45-2381-45E5-8775-CF9ED7F68E77}.Release|Any CPU.Build.0 = Release|Any CPU
	EndGlobalSection
	GlobalSection(SolutionProperties) = preSolution
		HideSolutionNode = FALSE
	EndGlobalSection
	GlobalSection(ExtensibilityGlobals) = postSolution
		SolutionGuid = {A1CCC915-FD4D-4367-A30A-60D922D3978D}
	EndGlobalSection
EndGlobal
